// !$*UTF8*$!
{
	archiveVersion = 1;
	classes = {
	};
	objectVersion = 50;
	objects = {

/* Begin PBXBuildFile section */
		EB408115286EE1BC00A37CFE /* Application+Extension.swift in Sources */ = {isa = PBXBuildFile; fileRef = EB408114286EE1BC00A37CFE /* Application+Extension.swift */; };
		EB408118286EE64400A37CFE /* DateTimeHelper.swift in Sources */ = {isa = PBXBuildFile; fileRef = EB408117286EE64400A37CFE /* DateTimeHelper.swift */; };
		EB544BE7285B43EE0033B3C3 /* AppDelegate.swift in Sources */ = {isa = PBXBuildFile; fileRef = EB544BE6285B43EE0033B3C3 /* AppDelegate.swift */; };
		EB544BE9285B43EE0033B3C3 /* SceneDelegate.swift in Sources */ = {isa = PBXBuildFile; fileRef = EB544BE8285B43EE0033B3C3 /* SceneDelegate.swift */; };
		EB544BEB285B43EE0033B3C3 /* RecordSpeechViewController.swift in Sources */ = {isa = PBXBuildFile; fileRef = EB544BEA285B43EE0033B3C3 /* RecordSpeechViewController.swift */; };
		EB544BEE285B43EE0033B3C3 /* Main.storyboard in Resources */ = {isa = PBXBuildFile; fileRef = EB544BEC285B43EE0033B3C3 /* Main.storyboard */; };
		EB544BF0285B43F10033B3C3 /* Assets.xcassets in Resources */ = {isa = PBXBuildFile; fileRef = EB544BEF285B43F10033B3C3 /* Assets.xcassets */; };
		EB544BF3285B43F10033B3C3 /* LaunchScreen.storyboard in Resources */ = {isa = PBXBuildFile; fileRef = EB544BF1285B43F10033B3C3 /* LaunchScreen.storyboard */; };
		EB544C0C285C5E870033B3C3 /* SecondViewController.swift in Sources */ = {isa = PBXBuildFile; fileRef = EB544C0B285C5E870033B3C3 /* SecondViewController.swift */; };
		EB544C0F285C5E9C0033B3C3 /* ThirdViewController.swift in Sources */ = {isa = PBXBuildFile; fileRef = EB544C0E285C5E9C0033B3C3 /* ThirdViewController.swift */; };
		EB544C1B286062500033B3C3 /* ImagePicker.swift in Sources */ = {isa = PBXBuildFile; fileRef = EB544C1A2860624F0033B3C3 /* ImagePicker.swift */; };
		EB544C292861D5DF0033B3C3 /* Entity.swift in Sources */ = {isa = PBXBuildFile; fileRef = EB544C282861D5DF0033B3C3 /* Entity.swift */; };
		EB544C33286323D60033B3C3 /* EntityProvider.swift in Sources */ = {isa = PBXBuildFile; fileRef = EB544C32286323D60033B3C3 /* EntityProvider.swift */; };
		EB544C3A286324DC0033B3C3 /* CustomGriddedContentCollectionViewDelegate.swift in Sources */ = {isa = PBXBuildFile; fileRef = EB544C39286324DC0033B3C3 /* CustomGriddedContentCollectionViewDelegate.swift */; };
		EB544C3D286324DF0033B3C3 /* DefaultCollectionViewDelegate.swift in Sources */ = {isa = PBXBuildFile; fileRef = EB544C3C286324DE0033B3C3 /* DefaultCollectionViewDelegate.swift */; };
		EB544C40286324E20033B3C3 /* DefaultGriddedContentCollectionViewDelegate.swift in Sources */ = {isa = PBXBuildFile; fileRef = EB544C3F286324E20033B3C3 /* DefaultGriddedContentCollectionViewDelegate.swift */; };
		EB544C43286324E40033B3C3 /* TabledContentCollectionViewDelegate.swift in Sources */ = {isa = PBXBuildFile; fileRef = EB544C42286324E40033B3C3 /* TabledContentCollectionViewDelegate.swift */; };
		EB544C4F2863278B0033B3C3 /* CollectionViewCell.swift in Sources */ = {isa = PBXBuildFile; fileRef = EB544C4D2863278B0033B3C3 /* CollectionViewCell.swift */; };
		EB544C502863278B0033B3C3 /* CollectionViewCell.xib in Resources */ = {isa = PBXBuildFile; fileRef = EB544C4E2863278B0033B3C3 /* CollectionViewCell.xib */; };
		EB544C532864496F0033B3C3 /* SelectedViewController.swift in Sources */ = {isa = PBXBuildFile; fileRef = EB544C522864496F0033B3C3 /* SelectedViewController.swift */; };
		EB544C662865C39B0033B3C3 /* SelectedViewController.storyboard in Resources */ = {isa = PBXBuildFile; fileRef = EB544C642865C39A0033B3C3 /* SelectedViewController.storyboard */; };
		EBBB00DE286B0C5C0099D2B0 /* RecordSpeech.storyboard in Resources */ = {isa = PBXBuildFile; fileRef = EBBB00DD286B0C5C0099D2B0 /* RecordSpeech.storyboard */; };
		EBBB00E2286B0C9D0099D2B0 /* CollectionView.storyboard in Resources */ = {isa = PBXBuildFile; fileRef = EBBB00E0286B0C9D0099D2B0 /* CollectionView.storyboard */; };
		EBBB00E5286B0CD40099D2B0 /* ThirdTab.storyboard in Resources */ = {isa = PBXBuildFile; fileRef = EBBB00E4286B0CD40099D2B0 /* ThirdTab.storyboard */; };
/* End PBXBuildFile section */

/* Begin PBXFileReference section */
		EB408114286EE1BC00A37CFE /* Application+Extension.swift */ = {isa = PBXFileReference; lastKnownFileType = sourcecode.swift; path = "Application+Extension.swift"; sourceTree = "<group>"; };
		EB408117286EE64400A37CFE /* DateTimeHelper.swift */ = {isa = PBXFileReference; lastKnownFileType = sourcecode.swift; path = DateTimeHelper.swift; sourceTree = "<group>"; };
		EB544BE3285B43EE0033B3C3 /* Collection.app */ = {isa = PBXFileReference; explicitFileType = wrapper.application; includeInIndex = 0; path = Collection.app; sourceTree = BUILT_PRODUCTS_DIR; };
		EB544BE6285B43EE0033B3C3 /* AppDelegate.swift */ = {isa = PBXFileReference; lastKnownFileType = sourcecode.swift; path = AppDelegate.swift; sourceTree = "<group>"; };
		EB544BE8285B43EE0033B3C3 /* SceneDelegate.swift */ = {isa = PBXFileReference; lastKnownFileType = sourcecode.swift; path = SceneDelegate.swift; sourceTree = "<group>"; };
		EB544BEA285B43EE0033B3C3 /* RecordSpeechViewController.swift */ = {isa = PBXFileReference; lastKnownFileType = sourcecode.swift; path = RecordSpeechViewController.swift; sourceTree = "<group>"; };
		EB544BED285B43EE0033B3C3 /* Base */ = {isa = PBXFileReference; lastKnownFileType = file.storyboard; name = Base; path = Base.lproj/Main.storyboard; sourceTree = "<group>"; };
		EB544BEF285B43F10033B3C3 /* Assets.xcassets */ = {isa = PBXFileReference; lastKnownFileType = folder.assetcatalog; path = Assets.xcassets; sourceTree = "<group>"; };
		EB544BF2285B43F10033B3C3 /* Base */ = {isa = PBXFileReference; lastKnownFileType = file.storyboard; name = Base; path = Base.lproj/LaunchScreen.storyboard; sourceTree = "<group>"; };
		EB544BF4285B43F10033B3C3 /* Info.plist */ = {isa = PBXFileReference; lastKnownFileType = text.plist.xml; path = Info.plist; sourceTree = "<group>"; };
		EB544C0B285C5E870033B3C3 /* SecondViewController.swift */ = {isa = PBXFileReference; lastKnownFileType = sourcecode.swift; path = SecondViewController.swift; sourceTree = "<group>"; };
		EB544C0E285C5E9C0033B3C3 /* ThirdViewController.swift */ = {isa = PBXFileReference; lastKnownFileType = sourcecode.swift; path = ThirdViewController.swift; sourceTree = "<group>"; };
		EB544C1A2860624F0033B3C3 /* ImagePicker.swift */ = {isa = PBXFileReference; lastKnownFileType = sourcecode.swift; path = ImagePicker.swift; sourceTree = "<group>"; };
		EB544C282861D5DF0033B3C3 /* Entity.swift */ = {isa = PBXFileReference; lastKnownFileType = sourcecode.swift; path = Entity.swift; sourceTree = "<group>"; };
		EB544C32286323D60033B3C3 /* EntityProvider.swift */ = {isa = PBXFileReference; lastKnownFileType = sourcecode.swift; path = EntityProvider.swift; sourceTree = "<group>"; };
		EB544C39286324DC0033B3C3 /* CustomGriddedContentCollectionViewDelegate.swift */ = {isa = PBXFileReference; lastKnownFileType = sourcecode.swift; path = CustomGriddedContentCollectionViewDelegate.swift; sourceTree = "<group>"; };
		EB544C3C286324DE0033B3C3 /* DefaultCollectionViewDelegate.swift */ = {isa = PBXFileReference; lastKnownFileType = sourcecode.swift; path = DefaultCollectionViewDelegate.swift; sourceTree = "<group>"; };
		EB544C3F286324E20033B3C3 /* DefaultGriddedContentCollectionViewDelegate.swift */ = {isa = PBXFileReference; lastKnownFileType = sourcecode.swift; path = DefaultGriddedContentCollectionViewDelegate.swift; sourceTree = "<group>"; };
		EB544C42286324E40033B3C3 /* TabledContentCollectionViewDelegate.swift */ = {isa = PBXFileReference; lastKnownFileType = sourcecode.swift; path = TabledContentCollectionViewDelegate.swift; sourceTree = "<group>"; };
		EB544C4D2863278B0033B3C3 /* CollectionViewCell.swift */ = {isa = PBXFileReference; lastKnownFileType = sourcecode.swift; path = CollectionViewCell.swift; sourceTree = "<group>"; };
		EB544C4E2863278B0033B3C3 /* CollectionViewCell.xib */ = {isa = PBXFileReference; lastKnownFileType = file.xib; path = CollectionViewCell.xib; sourceTree = "<group>"; };
		EB544C522864496F0033B3C3 /* SelectedViewController.swift */ = {isa = PBXFileReference; lastKnownFileType = sourcecode.swift; path = SelectedViewController.swift; sourceTree = "<group>"; };
		EB544C652865C39A0033B3C3 /* Base */ = {isa = PBXFileReference; lastKnownFileType = file.storyboard; name = Base; path = Collection/Base.lproj/SelectedViewController.storyboard; sourceTree = "<group>"; };
		EBBB00DD286B0C5C0099D2B0 /* RecordSpeech.storyboard */ = {isa = PBXFileReference; fileEncoding = 4; lastKnownFileType = file.storyboard; path = RecordSpeech.storyboard; sourceTree = SOURCE_ROOT; };
		EBBB00E1286B0C9D0099D2B0 /* Base */ = {isa = PBXFileReference; lastKnownFileType = file.storyboard; name = Base; path = Collection/Flow/TabBar/Base.lproj/CollectionView.storyboard; sourceTree = SOURCE_ROOT; };
		EBBB00E4286B0CD40099D2B0 /* ThirdTab.storyboard */ = {isa = PBXFileReference; fileEncoding = 4; lastKnownFileType = file.storyboard; path = ThirdTab.storyboard; sourceTree = "<group>"; };
/* End PBXFileReference section */

/* Begin PBXFrameworksBuildPhase section */
		EB544BE0285B43EE0033B3C3 /* Frameworks */ = {
			isa = PBXFrameworksBuildPhase;
			buildActionMask = 2147483647;
			files = (
			);
			runOnlyForDeploymentPostprocessing = 0;
		};
/* End PBXFrameworksBuildPhase section */

/* Begin PBXGroup section */
		848EAAD62869E1A7004E30AE /* FirstTab */ = {
			isa = PBXGroup;
			children = (
				EBBB00DD286B0C5C0099D2B0 /* RecordSpeech.storyboard */,
				EB544BEA285B43EE0033B3C3 /* RecordSpeechViewController.swift */,
			);
			path = FirstTab;
			sourceTree = "<group>";
		};
		848EAAD72869E1E0004E30AE /* TabBar */ = {
			isa = PBXGroup;
			children = (
				EB544BEC285B43EE0033B3C3 /* Main.storyboard */,
			);
			path = TabBar;
			sourceTree = "<group>";
		};
		848EAAD82869E217004E30AE /* ImagePicker */ = {
			isa = PBXGroup;
			children = (
				EB544C1A2860624F0033B3C3 /* ImagePicker.swift */,
			);
			path = ImagePicker;
			sourceTree = "<group>";
		};
		848EAAD92869E23A004E30AE /* SelectedViewController */ = {
			isa = PBXGroup;
			children = (
				EB544C522864496F0033B3C3 /* SelectedViewController.swift */,
				EB544C642865C39A0033B3C3 /* SelectedViewController.storyboard */,
			);
			path = SelectedViewController;
			sourceTree = "<group>";
		};
		EB40810B286C9ED200A37CFE /* Extension */ = {
			isa = PBXGroup;
			children = (
				EB408114286EE1BC00A37CFE /* Application+Extension.swift */,
			);
			path = Extension;
			sourceTree = "<group>";
		};
		EB40811A286EEFBD00A37CFE /* DateTimeHelper */ = {
			isa = PBXGroup;
			children = (
				EB408117286EE64400A37CFE /* DateTimeHelper.swift */,
			);
			path = DateTimeHelper;
			sourceTree = "<group>";
		};
		EB544BDA285B43EE0033B3C3 = {
			isa = PBXGroup;
			children = (
				EB544BE5285B43EE0033B3C3 /* Collection */,
				EB544BE4285B43EE0033B3C3 /* Products */,
			);
			sourceTree = "<group>";
		};
		EB544BE4285B43EE0033B3C3 /* Products */ = {
			isa = PBXGroup;
			children = (
				EB544BE3285B43EE0033B3C3 /* Collection.app */,
			);
			name = Products;
			sourceTree = "<group>";
		};
		EB544BE5285B43EE0033B3C3 /* Collection */ = {
			isa = PBXGroup;
			children = (
				EB544C6B28699E740033B3C3 /* Application */,
				EB544C2B2861D5E80033B3C3 /* Entities */,
				EB40810B286C9ED200A37CFE /* Extension */,
				EB544C6A28699E610033B3C3 /* Flow */,
				EB544C6E28699EA10033B3C3 /* Resource */,
			);
			path = Collection;
			sourceTree = "<group>";
		};
		EB544C09285C5E650033B3C3 /* ThirdTab */ = {
			isa = PBXGroup;
			children = (
				EBBB00E4286B0CD40099D2B0 /* ThirdTab.storyboard */,
				EB544C0E285C5E9C0033B3C3 /* ThirdViewController.swift */,
			);
			path = ThirdTab;
			sourceTree = "<group>";
		};
		EB544C2B2861D5E80033B3C3 /* Entities */ = {
			isa = PBXGroup;
			children = (
				EB544C282861D5DF0033B3C3 /* Entity.swift */,
				EB544C32286323D60033B3C3 /* EntityProvider.swift */,
			);
			path = Entities;
			sourceTree = "<group>";
		};
		EB544C302861D7A90033B3C3 /* CollectionViewCell */ = {
			isa = PBXGroup;
			children = (
				EB544C4D2863278B0033B3C3 /* CollectionViewCell.swift */,
				EB544C4E2863278B0033B3C3 /* CollectionViewCell.xib */,
			);
			path = CollectionViewCell;
			sourceTree = "<group>";
		};
		EB544C46286324F50033B3C3 /* CollectionFlow */ = {
			isa = PBXGroup;
			children = (
				EB544C39286324DC0033B3C3 /* CustomGriddedContentCollectionViewDelegate.swift */,
				EB544C42286324E40033B3C3 /* TabledContentCollectionViewDelegate.swift */,
				EB544C3F286324E20033B3C3 /* DefaultGriddedContentCollectionViewDelegate.swift */,
				EB544C3C286324DE0033B3C3 /* DefaultCollectionViewDelegate.swift */,
			);
			path = CollectionFlow;
			sourceTree = "<group>";
		};
		EB544C6A28699E610033B3C3 /* Flow */ = {
			isa = PBXGroup;
			children = (
				EB40811A286EEFBD00A37CFE /* DateTimeHelper */,
				848EAAD82869E217004E30AE /* ImagePicker */,
				EB544C46286324F50033B3C3 /* CollectionFlow */,
				848EAAD72869E1E0004E30AE /* TabBar */,
				848EAAD62869E1A7004E30AE /* FirstTab */,
				EB544C6F28699F3E0033B3C3 /* SecondTab */,
				848EAAD92869E23A004E30AE /* SelectedViewController */,
				EB544C09285C5E650033B3C3 /* ThirdTab */,
			);
			path = Flow;
			sourceTree = "<group>";
		};
		EB544C6B28699E740033B3C3 /* Application */ = {
			isa = PBXGroup;
			children = (
				EB544BE8285B43EE0033B3C3 /* SceneDelegate.swift */,
				EB544BE6285B43EE0033B3C3 /* AppDelegate.swift */,
			);
			path = Application;
			sourceTree = "<group>";
		};
		EB544C6E28699EA10033B3C3 /* Resource */ = {
			isa = PBXGroup;
			children = (
				EB544BF4285B43F10033B3C3 /* Info.plist */,
				EB544BEF285B43F10033B3C3 /* Assets.xcassets */,
				EB544BF1285B43F10033B3C3 /* LaunchScreen.storyboard */,
			);
			path = Resource;
			sourceTree = "<group>";
		};
		EB544C6F28699F3E0033B3C3 /* SecondTab */ = {
			isa = PBXGroup;
			children = (
				EBBB00E0286B0C9D0099D2B0 /* CollectionView.storyboard */,
				EB544C0B285C5E870033B3C3 /* SecondViewController.swift */,
				EB544C302861D7A90033B3C3 /* CollectionViewCell */,
			);
			path = SecondTab;
			sourceTree = "<group>";
		};
/* End PBXGroup section */

/* Begin PBXNativeTarget section */
		EB544BE2285B43EE0033B3C3 /* Collection */ = {
			isa = PBXNativeTarget;
			buildConfigurationList = EB544BF7285B43F10033B3C3 /* Build configuration list for PBXNativeTarget "Collection" */;
			buildPhases = (
				EB544BDF285B43EE0033B3C3 /* Sources */,
				EB544BE0285B43EE0033B3C3 /* Frameworks */,
				EB544BE1285B43EE0033B3C3 /* Resources */,
			);
			buildRules = (
			);
			dependencies = (
			);
			name = Collection;
			productName = Collection;
			productReference = EB544BE3285B43EE0033B3C3 /* Collection.app */;
			productType = "com.apple.product-type.application";
		};
/* End PBXNativeTarget section */

/* Begin PBXProject section */
		EB544BDB285B43EE0033B3C3 /* Project object */ = {
			isa = PBXProject;
			attributes = {
				LastSwiftUpdateCheck = 1240;
				LastUpgradeCheck = 1240;
				TargetAttributes = {
					EB544BE2285B43EE0033B3C3 = {
						CreatedOnToolsVersion = 12.4;
					};
				};
			};
			buildConfigurationList = EB544BDE285B43EE0033B3C3 /* Build configuration list for PBXProject "Collection" */;
			compatibilityVersion = "Xcode 9.3";
			developmentRegion = en;
			hasScannedForEncodings = 0;
			knownRegions = (
				en,
				Base,
			);
			mainGroup = EB544BDA285B43EE0033B3C3;
			productRefGroup = EB544BE4285B43EE0033B3C3 /* Products */;
			projectDirPath = "";
			projectRoot = "";
			targets = (
				EB544BE2285B43EE0033B3C3 /* Collection */,
			);
		};
/* End PBXProject section */

/* Begin PBXResourcesBuildPhase section */
		EB544BE1285B43EE0033B3C3 /* Resources */ = {
			isa = PBXResourcesBuildPhase;
			buildActionMask = 2147483647;
			files = (
				EB544BF3285B43F10033B3C3 /* LaunchScreen.storyboard in Resources */,
				EB544BF0285B43F10033B3C3 /* Assets.xcassets in Resources */,
				EB544C502863278B0033B3C3 /* CollectionViewCell.xib in Resources */,
				EBBB00DE286B0C5C0099D2B0 /* RecordSpeech.storyboard in Resources */,
				EBBB00E5286B0CD40099D2B0 /* ThirdTab.storyboard in Resources */,
				EB544BEE285B43EE0033B3C3 /* Main.storyboard in Resources */,
				EBBB00E2286B0C9D0099D2B0 /* CollectionView.storyboard in Resources */,
				EB544C662865C39B0033B3C3 /* SelectedViewController.storyboard in Resources */,
			);
			runOnlyForDeploymentPostprocessing = 0;
		};
/* End PBXResourcesBuildPhase section */

/* Begin PBXSourcesBuildPhase section */
		EB544BDF285B43EE0033B3C3 /* Sources */ = {
			isa = PBXSourcesBuildPhase;
			buildActionMask = 2147483647;
			files = (
				EB544C3A286324DC0033B3C3 /* CustomGriddedContentCollectionViewDelegate.swift in Sources */,
				EB544C40286324E20033B3C3 /* DefaultGriddedContentCollectionViewDelegate.swift in Sources */,
				EB408115286EE1BC00A37CFE /* Application+Extension.swift in Sources */,
				EB408118286EE64400A37CFE /* DateTimeHelper.swift in Sources */,
				EB544C0C285C5E870033B3C3 /* SecondViewController.swift in Sources */,
				EB544C33286323D60033B3C3 /* EntityProvider.swift in Sources */,
				EB544C532864496F0033B3C3 /* SelectedViewController.swift in Sources */,
				EB544BEB285B43EE0033B3C3 /* RecordSpeechViewController.swift in Sources */,
				EB544C43286324E40033B3C3 /* TabledContentCollectionViewDelegate.swift in Sources */,
				EB544C3D286324DF0033B3C3 /* DefaultCollectionViewDelegate.swift in Sources */,
				EB544C0F285C5E9C0033B3C3 /* ThirdViewController.swift in Sources */,
				EB544C4F2863278B0033B3C3 /* CollectionViewCell.swift in Sources */,
				EB544C292861D5DF0033B3C3 /* Entity.swift in Sources */,
				EB544C1B286062500033B3C3 /* ImagePicker.swift in Sources */,
				EB544BE7285B43EE0033B3C3 /* AppDelegate.swift in Sources */,
				EB544BE9285B43EE0033B3C3 /* SceneDelegate.swift in Sources */,
			);
			runOnlyForDeploymentPostprocessing = 0;
		};
/* End PBXSourcesBuildPhase section */

/* Begin PBXVariantGroup section */
		EB544BEC285B43EE0033B3C3 /* Main.storyboard */ = {
			isa = PBXVariantGroup;
			children = (
				EB544BED285B43EE0033B3C3 /* Base */,
			);
			name = Main.storyboard;
			sourceTree = "<group>";
		};
		EB544BF1285B43F10033B3C3 /* LaunchScreen.storyboard */ = {
			isa = PBXVariantGroup;
			children = (
				EB544BF2285B43F10033B3C3 /* Base */,
			);
			name = LaunchScreen.storyboard;
			sourceTree = "<group>";
		};
		EB544C642865C39A0033B3C3 /* SelectedViewController.storyboard */ = {
			isa = PBXVariantGroup;
			children = (
				EB544C652865C39A0033B3C3 /* Base */,
			);
			name = SelectedViewController.storyboard;
			sourceTree = "<group>";
		};
		EBBB00E0286B0C9D0099D2B0 /* CollectionView.storyboard */ = {
			isa = PBXVariantGroup;
			children = (
				EBBB00E1286B0C9D0099D2B0 /* Base */,
			);
			name = CollectionView.storyboard;
			sourceTree = "<group>";
		};
/* End PBXVariantGroup section */

/* Begin XCBuildConfiguration section */
		EB544BF5285B43F10033B3C3 /* Debug */ = {
			isa = XCBuildConfiguration;
			buildSettings = {
				ALWAYS_SEARCH_USER_PATHS = NO;
				CLANG_ANALYZER_NONNULL = YES;
				CLANG_ANALYZER_NUMBER_OBJECT_CONVERSION = YES_AGGRESSIVE;
				CLANG_CXX_LANGUAGE_STANDARD = "gnu++14";
				CLANG_CXX_LIBRARY = "libc++";
				CLANG_ENABLE_MODULES = YES;
				CLANG_ENABLE_OBJC_ARC = YES;
				CLANG_ENABLE_OBJC_WEAK = YES;
				CLANG_WARN_BLOCK_CAPTURE_AUTORELEASING = YES;
				CLANG_WARN_BOOL_CONVERSION = YES;
				CLANG_WARN_COMMA = YES;
				CLANG_WARN_CONSTANT_CONVERSION = YES;
				CLANG_WARN_DEPRECATED_OBJC_IMPLEMENTATIONS = YES;
				CLANG_WARN_DIRECT_OBJC_ISA_USAGE = YES_ERROR;
				CLANG_WARN_DOCUMENTATION_COMMENTS = YES;
				CLANG_WARN_EMPTY_BODY = YES;
				CLANG_WARN_ENUM_CONVERSION = YES;
				CLANG_WARN_INFINITE_RECURSION = YES;
				CLANG_WARN_INT_CONVERSION = YES;
				CLANG_WARN_NON_LITERAL_NULL_CONVERSION = YES;
				CLANG_WARN_OBJC_IMPLICIT_RETAIN_SELF = YES;
				CLANG_WARN_OBJC_LITERAL_CONVERSION = YES;
				CLANG_WARN_OBJC_ROOT_CLASS = YES_ERROR;
				CLANG_WARN_QUOTED_INCLUDE_IN_FRAMEWORK_HEADER = YES;
				CLANG_WARN_RANGE_LOOP_ANALYSIS = YES;
				CLANG_WARN_STRICT_PROTOTYPES = YES;
				CLANG_WARN_SUSPICIOUS_MOVE = YES;
				CLANG_WARN_UNGUARDED_AVAILABILITY = YES_AGGRESSIVE;
				CLANG_WARN_UNREACHABLE_CODE = YES;
				CLANG_WARN__DUPLICATE_METHOD_MATCH = YES;
				COPY_PHASE_STRIP = NO;
				DEBUG_INFORMATION_FORMAT = dwarf;
				ENABLE_STRICT_OBJC_MSGSEND = YES;
				ENABLE_TESTABILITY = YES;
				GCC_C_LANGUAGE_STANDARD = gnu11;
				GCC_DYNAMIC_NO_PIC = NO;
				GCC_NO_COMMON_BLOCKS = YES;
				GCC_OPTIMIZATION_LEVEL = 0;
				GCC_PREPROCESSOR_DEFINITIONS = (
					"DEBUG=1",
					"$(inherited)",
				);
				GCC_WARN_64_TO_32_BIT_CONVERSION = YES;
				GCC_WARN_ABOUT_RETURN_TYPE = YES_ERROR;
				GCC_WARN_UNDECLARED_SELECTOR = YES;
				GCC_WARN_UNINITIALIZED_AUTOS = YES_AGGRESSIVE;
				GCC_WARN_UNUSED_FUNCTION = YES;
				GCC_WARN_UNUSED_VARIABLE = YES;
				IPHONEOS_DEPLOYMENT_TARGET = 14.4;
				MTL_ENABLE_DEBUG_INFO = INCLUDE_SOURCE;
				MTL_FAST_MATH = YES;
				ONLY_ACTIVE_ARCH = YES;
				SDKROOT = iphoneos;
				SWIFT_ACTIVE_COMPILATION_CONDITIONS = DEBUG;
				SWIFT_OPTIMIZATION_LEVEL = "-Onone";
			};
			name = Debug;
		};
		EB544BF6285B43F10033B3C3 /* Release */ = {
			isa = XCBuildConfiguration;
			buildSettings = {
				ALWAYS_SEARCH_USER_PATHS = NO;
				CLANG_ANALYZER_NONNULL = YES;
				CLANG_ANALYZER_NUMBER_OBJECT_CONVERSION = YES_AGGRESSIVE;
				CLANG_CXX_LANGUAGE_STANDARD = "gnu++14";
				CLANG_CXX_LIBRARY = "libc++";
				CLANG_ENABLE_MODULES = YES;
				CLANG_ENABLE_OBJC_ARC = YES;
				CLANG_ENABLE_OBJC_WEAK = YES;
				CLANG_WARN_BLOCK_CAPTURE_AUTORELEASING = YES;
				CLANG_WARN_BOOL_CONVERSION = YES;
				CLANG_WARN_COMMA = YES;
				CLANG_WARN_CONSTANT_CONVERSION = YES;
				CLANG_WARN_DEPRECATED_OBJC_IMPLEMENTATIONS = YES;
				CLANG_WARN_DIRECT_OBJC_ISA_USAGE = YES_ERROR;
				CLANG_WARN_DOCUMENTATION_COMMENTS = YES;
				CLANG_WARN_EMPTY_BODY = YES;
				CLANG_WARN_ENUM_CONVERSION = YES;
				CLANG_WARN_INFINITE_RECURSION = YES;
				CLANG_WARN_INT_CONVERSION = YES;
				CLANG_WARN_NON_LITERAL_NULL_CONVERSION = YES;
				CLANG_WARN_OBJC_IMPLICIT_RETAIN_SELF = YES;
				CLANG_WARN_OBJC_LITERAL_CONVERSION = YES;
				CLANG_WARN_OBJC_ROOT_CLASS = YES_ERROR;
				CLANG_WARN_QUOTED_INCLUDE_IN_FRAMEWORK_HEADER = YES;
				CLANG_WARN_RANGE_LOOP_ANALYSIS = YES;
				CLANG_WARN_STRICT_PROTOTYPES = YES;
				CLANG_WARN_SUSPICIOUS_MOVE = YES;
				CLANG_WARN_UNGUARDED_AVAILABILITY = YES_AGGRESSIVE;
				CLANG_WARN_UNREACHABLE_CODE = YES;
				CLANG_WARN__DUPLICATE_METHOD_MATCH = YES;
				COPY_PHASE_STRIP = NO;
				DEBUG_INFORMATION_FORMAT = "dwarf-with-dsym";
				ENABLE_NS_ASSERTIONS = NO;
				ENABLE_STRICT_OBJC_MSGSEND = YES;
				GCC_C_LANGUAGE_STANDARD = gnu11;
				GCC_NO_COMMON_BLOCKS = YES;
				GCC_WARN_64_TO_32_BIT_CONVERSION = YES;
				GCC_WARN_ABOUT_RETURN_TYPE = YES_ERROR;
				GCC_WARN_UNDECLARED_SELECTOR = YES;
				GCC_WARN_UNINITIALIZED_AUTOS = YES_AGGRESSIVE;
				GCC_WARN_UNUSED_FUNCTION = YES;
				GCC_WARN_UNUSED_VARIABLE = YES;
				IPHONEOS_DEPLOYMENT_TARGET = 14.4;
				MTL_ENABLE_DEBUG_INFO = NO;
				MTL_FAST_MATH = YES;
				SDKROOT = iphoneos;
				SWIFT_COMPILATION_MODE = wholemodule;
				SWIFT_OPTIMIZATION_LEVEL = "-O";
				VALIDATE_PRODUCT = YES;
			};
			name = Release;
		};
		EB544BF8285B43F10033B3C3 /* Debug */ = {
			isa = XCBuildConfiguration;
			buildSettings = {
				ASSETCATALOG_COMPILER_APPICON_NAME = AppIcon;
				ASSETCATALOG_COMPILER_GLOBAL_ACCENT_COLOR_NAME = AccentColor;
				CODE_SIGN_STYLE = Automatic;
				DEVELOPMENT_TEAM = RJG6Q8EU45;
				INFOPLIST_FILE = "$(SRCROOT)/Collection/Resource/Info.plist";
				LD_RUNPATH_SEARCH_PATHS = (
					"$(inherited)",
					"@executable_path/Frameworks",
				);
				PRODUCT_BUNDLE_IDENTIFIER = soten.Collection;
				PRODUCT_NAME = "$(TARGET_NAME)";
				SWIFT_VERSION = 5.0;
				TARGETED_DEVICE_FAMILY = "1,2";
			};
			name = Debug;
		};
		EB544BF9285B43F10033B3C3 /* Release */ = {
			isa = XCBuildConfiguration;
			buildSettings = {
				ASSETCATALOG_COMPILER_APPICON_NAME = AppIcon;
				ASSETCATALOG_COMPILER_GLOBAL_ACCENT_COLOR_NAME = AccentColor;
				CODE_SIGN_STYLE = Automatic;
				DEVELOPMENT_TEAM = RJG6Q8EU45;
				INFOPLIST_FILE = "$(SRCROOT)/Collection/Resource/Info.plist";
				LD_RUNPATH_SEARCH_PATHS = (
					"$(inherited)",
					"@executable_path/Frameworks",
				);
				PRODUCT_BUNDLE_IDENTIFIER = soten.Collection;
				PRODUCT_NAME = "$(TARGET_NAME)";
				SWIFT_VERSION = 5.0;
				TARGETED_DEVICE_FAMILY = "1,2";
			};
			name = Release;
		};
/* End XCBuildConfiguration section */

/* Begin XCConfigurationList section */
		EB544BDE285B43EE0033B3C3 /* Build configuration list for PBXProject "Collection" */ = {
			isa = XCConfigurationList;
			buildConfigurations = (
				EB544BF5285B43F10033B3C3 /* Debug */,
				EB544BF6285B43F10033B3C3 /* Release */,
			);
			defaultConfigurationIsVisible = 0;
			defaultConfigurationName = Release;
		};
		EB544BF7285B43F10033B3C3 /* Build configuration list for PBXNativeTarget "Collection" */ = {
			isa = XCConfigurationList;
			buildConfigurations = (
				EB544BF8285B43F10033B3C3 /* Debug */,
				EB544BF9285B43F10033B3C3 /* Release */,
			);
			defaultConfigurationIsVisible = 0;
			defaultConfigurationName = Release;
		};
/* End XCConfigurationList section */
	};
	rootObject = EB544BDB285B43EE0033B3C3 /* Project object */;
}
